
Microsoft Visual Studio Solution File, Format Version 12.00
# Visual Studio Version 17
VisualStudioVersion = 17.7.34024.191
MinimumVisualStudioVersion = 10.0.40219.1
Project("{FAE04EC0-301F-11D3-BF4B-00C04F79EFBC}") = "ChildressMilesPushMe", "ChildressMilesPushMe\ChildressMilesPushMe.csproj", "{164BEDD0-691A-44E4-8F74-B872FBBB6FF9}"
EndProject
Global
	GlobalSection(SolutionConfigurationPlatforms) = preSolution
		Debug|Any CPU = Debug|Any CPU
		Release|Any CPU = Release|Any CPU
	EndGlobalSection
	GlobalSection(ProjectConfigurationPlatforms) = postSolution
		{164BEDD0-691A-44E4-8F74-B872FBBB6FF9}.Debug|Any CPU.ActiveCfg = Debug|Any CPU
		{164BEDD0-691A-44E4-8F74-B872FBBB6FF9}.Debug|Any CPU.Build.0 = Debug|Any CPU
		{164BEDD0-691A-44E4-8F74-B872FBBB6FF9}.Release|Any CPU.ActiveCfg = Release|Any CPU
		{164BEDD0-691A-44E4-8F74-B872FBBB6FF9}.Release|Any CPU.Build.0 = Release|Any CPU
	EndGlobalSection
	GlobalSection(SolutionProperties) = preSolution
		HideSolutionNode = FALSE
	EndGlobalSection
	GlobalSection(ExtensibilityGlobals) = postSolution
		SolutionGuid = {5171B14D-349B-4723-90FE-51B0E1298DCB}
	EndGlobalSection
EndGlobal
