
Microsoft Visual Studio Solution File, Format Version 12.00
# Visual Studio Version 17
VisualStudioVersion = 17.7.34024.191
MinimumVisualStudioVersion = 10.0.40219.1
Project("{FAE04EC0-301F-11D3-BF4B-00C04F79EFBC}") = "ChildressMilesTaxCalculator", "ChildressMilesTaxCalculator\ChildressMilesTaxCalculator.csproj", "{294D0CF5-0738-46F9-BFA2-B464A22755CD}"
EndProject
Global
	GlobalSection(SolutionConfigurationPlatforms) = preSolution
		Debug|Any CPU = Debug|Any CPU
		Release|Any CPU = Release|Any CPU
	EndGlobalSection
	GlobalSection(ProjectConfigurationPlatforms) = postSolution
		{294D0CF5-0738-46F9-BFA2-B464A22755CD}.Debug|Any CPU.ActiveCfg = Debug|Any CPU
		{294D0CF5-0738-46F9-BFA2-B464A22755CD}.Debug|Any CPU.Build.0 = Debug|Any CPU
		{294D0CF5-0738-46F9-BFA2-B464A22755CD}.Release|Any CPU.ActiveCfg = Release|Any CPU
		{294D0CF5-0738-46F9-BFA2-B464A22755CD}.Release|Any CPU.Build.0 = Release|Any CPU
	EndGlobalSection
	GlobalSection(SolutionProperties) = preSolution
		HideSolutionNode = FALSE
	EndGlobalSection
	GlobalSection(ExtensibilityGlobals) = postSolution
		SolutionGuid = {F07551AE-EE98-4603-A261-B438B061E55C}
	EndGlobalSection
EndGlobal
